
Microsoft Visual Studio Solution File, Format Version 12.00
# Visual Studio Version 16
VisualStudioVersion = 16.0.32428.217
MinimumVisualStudioVersion = 10.0.40219.1
Project("{F2A71F9B-5D33-465A-A702-920D77279786}") = "Task11", "Task11.fsproj", "{0C28EBA3-0413-4382-B639-443FE3A0719E}"
EndProject
Global
	GlobalSection(SolutionConfigurationPlatforms) = preSolution
		Debug|Any CPU = Debug|Any CPU
		Release|Any CPU = Release|Any CPU
	EndGlobalSection
	GlobalSection(ProjectConfigurationPlatforms) = postSolution
		{0C28EBA3-0413-4382-B639-443FE3A0719E}.Debug|Any CPU.ActiveCfg = Debug|Any CPU
		{0C28EBA3-0413-4382-B639-443FE3A0719E}.Debug|Any CPU.Build.0 = Debug|Any CPU
		{0C28EBA3-0413-4382-B639-443FE3A0719E}.Release|Any CPU.ActiveCfg = Release|Any CPU
		{0C28EBA3-0413-4382-B639-443FE3A0719E}.Release|Any CPU.Build.0 = Release|Any CPU
	EndGlobalSection
	GlobalSection(SolutionProperties) = preSolution
		HideSolutionNode = FALSE
	EndGlobalSection
	GlobalSection(ExtensibilityGlobals) = postSolution
		SolutionGuid = {EE5DE16F-9F4F-444D-BCA3-D072349E8E47}
	EndGlobalSection
EndGlobal
