
Microsoft Visual Studio Solution File, Format Version 12.00
# Visual Studio Version 16
VisualStudioVersion = 16.0.32428.217
MinimumVisualStudioVersion = 10.0.40219.1
Project("{F2A71F9B-5D33-465A-A702-920D77279786}") = "T12.2(6)", "T12.2(6).fsproj", "{0E3C2778-0674-4432-8888-A3BDE3DC68D9}"
EndProject
Global
	GlobalSection(SolutionConfigurationPlatforms) = preSolution
		Debug|Any CPU = Debug|Any CPU
		Release|Any CPU = Release|Any CPU
	EndGlobalSection
	GlobalSection(ProjectConfigurationPlatforms) = postSolution
		{0E3C2778-0674-4432-8888-A3BDE3DC68D9}.Debug|Any CPU.ActiveCfg = Debug|Any CPU
		{0E3C2778-0674-4432-8888-A3BDE3DC68D9}.Debug|Any CPU.Build.0 = Debug|Any CPU
		{0E3C2778-0674-4432-8888-A3BDE3DC68D9}.Release|Any CPU.ActiveCfg = Release|Any CPU
		{0E3C2778-0674-4432-8888-A3BDE3DC68D9}.Release|Any CPU.Build.0 = Release|Any CPU
	EndGlobalSection
	GlobalSection(SolutionProperties) = preSolution
		HideSolutionNode = FALSE
	EndGlobalSection
	GlobalSection(ExtensibilityGlobals) = postSolution
		SolutionGuid = {E48C5E92-BE5E-4251-BC26-2394870451C2}
	EndGlobalSection
EndGlobal
