
Microsoft Visual Studio Solution File, Format Version 12.00
# Visual Studio Version 16
VisualStudioVersion = 16.0.32428.217
MinimumVisualStudioVersion = 10.0.40219.1
Project("{F2A71F9B-5D33-465A-A702-920D77279786}") = "Task19", "Task19\Task19.fsproj", "{833F117A-4832-4722-BFD7-6DF0730C0E96}"
EndProject
Global
	GlobalSection(SolutionConfigurationPlatforms) = preSolution
		Debug|Any CPU = Debug|Any CPU
		Release|Any CPU = Release|Any CPU
	EndGlobalSection
	GlobalSection(ProjectConfigurationPlatforms) = postSolution
		{833F117A-4832-4722-BFD7-6DF0730C0E96}.Debug|Any CPU.ActiveCfg = Debug|Any CPU
		{833F117A-4832-4722-BFD7-6DF0730C0E96}.Debug|Any CPU.Build.0 = Debug|Any CPU
		{833F117A-4832-4722-BFD7-6DF0730C0E96}.Release|Any CPU.ActiveCfg = Release|Any CPU
		{833F117A-4832-4722-BFD7-6DF0730C0E96}.Release|Any CPU.Build.0 = Release|Any CPU
	EndGlobalSection
	GlobalSection(SolutionProperties) = preSolution
		HideSolutionNode = FALSE
	EndGlobalSection
	GlobalSection(ExtensibilityGlobals) = postSolution
		SolutionGuid = {9E996E60-FED6-4110-B892-FF92F63606E6}
	EndGlobalSection
EndGlobal
