
Microsoft Visual Studio Solution File, Format Version 12.00
# Visual Studio Version 16
VisualStudioVersion = 16.0.32428.217
MinimumVisualStudioVersion = 10.0.40219.1
Project("{F2A71F9B-5D33-465A-A702-920D77279786}") = "T12.15(6)", "T12.15(6).fsproj", "{B9D92856-9555-4DF4-86D1-306287B3A08F}"
EndProject
Global
	GlobalSection(SolutionConfigurationPlatforms) = preSolution
		Debug|Any CPU = Debug|Any CPU
		Release|Any CPU = Release|Any CPU
	EndGlobalSection
	GlobalSection(ProjectConfigurationPlatforms) = postSolution
		{B9D92856-9555-4DF4-86D1-306287B3A08F}.Debug|Any CPU.ActiveCfg = Debug|Any CPU
		{B9D92856-9555-4DF4-86D1-306287B3A08F}.Debug|Any CPU.Build.0 = Debug|Any CPU
		{B9D92856-9555-4DF4-86D1-306287B3A08F}.Release|Any CPU.ActiveCfg = Release|Any CPU
		{B9D92856-9555-4DF4-86D1-306287B3A08F}.Release|Any CPU.Build.0 = Release|Any CPU
	EndGlobalSection
	GlobalSection(SolutionProperties) = preSolution
		HideSolutionNode = FALSE
	EndGlobalSection
	GlobalSection(ExtensibilityGlobals) = postSolution
		SolutionGuid = {D98290BF-7F6F-4B0B-8F89-6ECB1E75D29A}
	EndGlobalSection
EndGlobal
